// !$*UTF8*$!
{
	archiveVersion = 1;
	classes = {
	};
	objectVersion = 77;
	objects = {

/* Begin PBXContainerItemProxy section */
		8BED51212D50B0F100A775F8 /* PBXContainerItemProxy */ = {
			isa = PBXContainerItemProxy;
			containerPortal = 8BED51082D50B0F000A775F8 /* Project object */;
			proxyType = 1;
			remoteGlobalIDString = 8BED510F2D50B0F000A775F8;
			remoteInfo = scrumdinger;
		};
		8BED512B2D50B0F100A775F8 /* PBXContainerItemProxy */ = {
			isa = PBXContainerItemProxy;
			containerPortal = 8BED51082D50B0F000A775F8 /* Project object */;
			proxyType = 1;
			remoteGlobalIDString = 8BED510F2D50B0F000A775F8;
			remoteInfo = scrumdinger;
		};
/* End PBXContainerItemProxy section */

/* Begin PBXFileReference section */
		8BED51102D50B0F000A775F8 /* scrumdinger.app */ = {isa = PBXFileReference; explicitFileType = wrapper.application; includeInIndex = 0; path = scrumdinger.app; sourceTree = BUILT_PRODUCTS_DIR; };
		8BED51202D50B0F100A775F8 /* scrumdingerTests.xctest */ = {isa = PBXFileReference; explicitFileType = wrapper.cfbundle; includeInIndex = 0; path = scrumdingerTests.xctest; sourceTree = BUILT_PRODUCTS_DIR; };
		8BED512A2D50B0F100A775F8 /* scrumdingerUITests.xctest */ = {isa = PBXFileReference; explicitFileType = wrapper.cfbundle; includeInIndex = 0; path = scrumdingerUITests.xctest; sourceTree = BUILT_PRODUCTS_DIR; };
/* End PBXFileReference section */

/* Begin PBXFileSystemSynchronizedBuildFileExceptionSet section */
		8BED51412D50BD0800A775F8 /* Exceptions for "scrumdinger" folder in "scrumdinger" target */ = {
			isa = PBXFileSystemSynchronizedBuildFileExceptionSet;
			membershipExceptions = (
				scrumdingerTests/scrumdingerTests.swift,
			);
			target = 8BED510F2D50B0F000A775F8 /* scrumdinger */;
		};
		8BED51422D50BD0800A775F8 /* Exceptions for "scrumdinger" folder in "scrumdingerTests" target */ = {
			isa = PBXFileSystemSynchronizedBuildFileExceptionSet;
			membershipExceptions = (
				scrumdingerTests/scrumdingerTests.swift,
			);
			target = 8BED511F2D50B0F100A775F8 /* scrumdingerTests */;
		};
/* End PBXFileSystemSynchronizedBuildFileExceptionSet section */

/* Begin PBXFileSystemSynchronizedRootGroup section */
		8BED51122D50B0F000A775F8 /* scrumdinger */ = {
			isa = PBXFileSystemSynchronizedRootGroup;
			exceptions = (
				8BED51412D50BD0800A775F8 /* Exceptions for "scrumdinger" folder in "scrumdinger" target */,
				8BED51422D50BD0800A775F8 /* Exceptions for "scrumdinger" folder in "scrumdingerTests" target */,
			);
			path = scrumdinger;
			sourceTree = "<group>";
		};
		8BED512D2D50B0F100A775F8 /* scrumdingerUITests */ = {
			isa = PBXFileSystemSynchronizedRootGroup;
			path = scrumdingerUITests;
			sourceTree = "<group>";
		};
/* End PBXFileSystemSynchronizedRootGroup section */

/* Begin PBXFrameworksBuildPhase section */
		8BED510D2D50B0F000A775F8 /* Frameworks */ = {
			isa = PBXFrameworksBuildPhase;
			buildActionMask = 2147483647;
			files = (
			);
			runOnlyForDeploymentPostprocessing = 0;
		};
		8BED511D2D50B0F100A775F8 /* Frameworks */ = {
			isa = PBXFrameworksBuildPhase;
			buildActionMask = 2147483647;
			files = (
			);
			runOnlyForDeploymentPostprocessing = 0;
		};
		8BED51272D50B0F100A775F8 /* Frameworks */ = {
			isa = PBXFrameworksBuildPhase;
			buildActionMask = 2147483647;
			files = (
			);
			runOnlyForDeploymentPostprocessing = 0;
		};
/* End PBXFrameworksBuildPhase section */

/* Begin PBXGroup section */
		8BED51072D50B0F000A775F8 = {
			isa = PBXGroup;
			children = (
				8BED51122D50B0F000A775F8 /* scrumdinger */,
				8BED512D2D50B0F100A775F8 /* scrumdingerUITests */,
				8BED51112D50B0F000A775F8 /* Products */,
			);
			sourceTree = "<group>";
		};
		8BED51112D50B0F000A775F8 /* Products */ = {
			isa = PBXGroup;
			children = (
				8BED51102D50B0F000A775F8 /* scrumdinger.app */,
				8BED51202D50B0F100A775F8 /* scrumdingerTests.xctest */,
				8BED512A2D50B0F100A775F8 /* scrumdingerUITests.xctest */,
			);
			name = Products;
			sourceTree = "<group>";
		};
/* End PBXGroup section */

/* Begin PBXNativeTarget section */
		8BED510F2D50B0F000A775F8 /* scrumdinger */ = {
			isa = PBXNativeTarget;
			buildConfigurationList = 8BED51342D50B0F100A775F8 /* Build configuration list for PBXNativeTarget "scrumdinger" */;
			buildPhases = (
				8BED510C2D50B0F000A775F8 /* Sources */,
				8BED510D2D50B0F000A775F8 /* Frameworks */,
				8BED510E2D50B0F000A775F8 /* Resources */,
			);
			buildRules = (
			);
			dependencies = (
			);
			fileSystemSynchronizedGroups = (
				8BED51122D50B0F000A775F8 /* scrumdinger */,
			);
			name = scrumdinger;
			packageProductDependencies = (
			);
			productName = scrumdinger;
			productReference = 8BED51102D50B0F000A775F8 /* scrumdinger.app */;
			productType = "com.apple.product-type.application";
		};
		8BED511F2D50B0F100A775F8 /* scrumdingerTests */ = {
			isa = PBXNativeTarget;
			buildConfigurationList = 8BED51372D50B0F100A775F8 /* Build configuration list for PBXNativeTarget "scrumdingerTests" */;
			buildPhases = (
				8BED511C2D50B0F100A775F8 /* Sources */,
				8BED511D2D50B0F100A775F8 /* Frameworks */,
				8BED511E2D50B0F100A775F8 /* Resources */,
			);
			buildRules = (
			);
			dependencies = (
				8BED51222D50B0F100A775F8 /* PBXTargetDependency */,
			);
			name = scrumdingerTests;
			packageProductDependencies = (
			);
			productName = scrumdingerTests;
			productReference = 8BED51202D50B0F100A775F8 /* scrumdingerTests.xctest */;
			productType = "com.apple.product-type.bundle.unit-test";
		};
		8BED51292D50B0F100A775F8 /* scrumdingerUITests */ = {
			isa = PBXNativeTarget;
			buildConfigurationList = 8BED513A2D50B0F100A775F8 /* Build configuration list for PBXNativeTarget "scrumdingerUITests" */;
			buildPhases = (
				8BED51262D50B0F100A775F8 /* Sources */,
				8BED51272D50B0F100A775F8 /* Frameworks */,
				8BED51282D50B0F100A775F8 /* Resources */,
			);
			buildRules = (
			);
			dependencies = (
				8BED512C2D50B0F100A775F8 /* PBXTargetDependency */,
			);
			fileSystemSynchronizedGroups = (
				8BED512D2D50B0F100A775F8 /* scrumdingerUITests */,
			);
			name = scrumdingerUITests;
			packageProductDependencies = (
			);
			productName = scrumdingerUITests;
			productReference = 8BED512A2D50B0F100A775F8 /* scrumdingerUITests.xctest */;
			productType = "com.apple.product-type.bundle.ui-testing";
		};
/* End PBXNativeTarget section */

/* Begin PBXProject section */
		8BED51082D50B0F000A775F8 /* Project object */ = {
			isa = PBXProject;
			attributes = {
				BuildIndependentTargetsInParallel = 1;
				LastSwiftUpdateCheck = 1620;
				LastUpgradeCheck = 1620;
				TargetAttributes = {
					8BED510F2D50B0F000A775F8 = {
						CreatedOnToolsVersion = 16.2;
					};
					8BED511F2D50B0F100A775F8 = {
						CreatedOnToolsVersion = 16.2;
						TestTargetID = 8BED510F2D50B0F000A775F8;
					};
					8BED51292D50B0F100A775F8 = {
						CreatedOnToolsVersion = 16.2;
						TestTargetID = 8BED510F2D50B0F000A775F8;
					};
				};
			};
			buildConfigurationList = 8BED510B2D50B0F000A775F8 /* Build configuration list for PBXProject "scrumdinger" */;
			developmentRegion = en;
			hasScannedForEncodings = 0;
			knownRegions = (
				en,
				Base,
			);
			mainGroup = 8BED51072D50B0F000A775F8;
			minimizedProjectReferenceProxies = 1;
			preferredProjectObjectVersion = 77;
			productRefGroup = 8BED51112D50B0F000A775F8 /* Products */;
			projectDirPath = "";
			projectRoot = "";
			targets = (
				8BED510F2D50B0F000A775F8 /* scrumdinger */,
				8BED511F2D50B0F100A775F8 /* scrumdingerTests */,
				8BED51292D50B0F100A775F8 /* scrumdingerUITests */,
			);
		};
/* End PBXProject section */

/* Begin PBXResourcesBuildPhase section */
		8BED510E2D50B0F000A775F8 /* Resources */ = {
			isa = PBXResourcesBuildPhase;
			buildActionMask = 2147483647;
			files = (
			);
			runOnlyForDeploymentPostprocessing = 0;
		};
		8BED511E2D50B0F100A775F8 /* Resources */ = {
			isa = PBXResourcesBuildPhase;
			buildActionMask = 2147483647;
			files = (
			);
			runOnlyForDeploymentPostprocessing = 0;
		};
		8BED51282D50B0F100A775F8 /* Resources */ = {
			isa = PBXResourcesBuildPhase;
			buildActionMask = 2147483647;
			files = (
			);
			runOnlyForDeploymentPostprocessing = 0;
		};
/* End PBXResourcesBuildPhase section */

/* Begin PBXSourcesBuildPhase section */
		8BED510C2D50B0F000A775F8 /* Sources */ = {
			isa = PBXSourcesBuildPhase;
			buildActionMask = 2147483647;
			files = (
			);
			runOnlyForDeploymentPostprocessing = 0;
		};
		8BED511C2D50B0F100A775F8 /* Sources */ = {
			isa = PBXSourcesBuildPhase;
			buildActionMask = 2147483647;
			files = (
			);
			runOnlyForDeploymentPostprocessing = 0;
		};
		8BED51262D50B0F100A775F8 /* Sources */ = {
			isa = PBXSourcesBuildPhase;
			buildActionMask = 2147483647;
			files = (
			);
			runOnlyForDeploymentPostprocessing = 0;
		};
/* End PBXSourcesBuildPhase section */

/* Begin PBXTargetDependency section */
		8BED51222D50B0F100A775F8 /* PBXTargetDependency */ = {
			isa = PBXTargetDependency;
			target = 8BED510F2D50B0F000A775F8 /* scrumdinger */;
			targetProxy = 8BED51212D50B0F100A775F8 /* PBXContainerItemProxy */;
		};
		8BED512C2D50B0F100A775F8 /* PBXTargetDependency */ = {
			isa = PBXTargetDependency;
			target = 8BED510F2D50B0F000A775F8 /* scrumdinger */;
			targetProxy = 8BED512B2D50B0F100A775F8 /* PBXContainerItemProxy */;
		};
/* End PBXTargetDependency section */

/* Begin XCBuildConfiguration section */
		8BED51322D50B0F100A775F8 /* Debug */ = {
			isa = XCBuildConfiguration;
			buildSettings = {
				ALWAYS_SEARCH_USER_PATHS = NO;
				ASSETCATALOG_COMPILER_GENERATE_SWIFT_ASSET_SYMBOL_EXTENSIONS = YES;
				CLANG_ANALYZER_NONNULL = YES;
				CLANG_ANALYZER_NUMBER_OBJECT_CONVERSION = YES_AGGRESSIVE;
				CLANG_CXX_LANGUAGE_STANDARD = "gnu++20";
				CLANG_ENABLE_MODULES = YES;
				CLANG_ENABLE_OBJC_ARC = YES;
				CLANG_ENABLE_OBJC_WEAK = YES;
				CLANG_WARN_BLOCK_CAPTURE_AUTORELEASING = YES;
				CLANG_WARN_BOOL_CONVERSION = YES;
				CLANG_WARN_COMMA = YES;
				CLANG_WARN_CONSTANT_CONVERSION = YES;
				CLANG_WARN_DEPRECATED_OBJC_IMPLEMENTATIONS = YES;
				CLANG_WARN_DIRECT_OBJC_ISA_USAGE = YES_ERROR;
				CLANG_WARN_DOCUMENTATION_COMMENTS = YES;
				CLANG_WARN_EMPTY_BODY = YES;
				CLANG_WARN_ENUM_CONVERSION = YES;
				CLANG_WARN_INFINITE_RECURSION = YES;
				CLANG_WARN_INT_CONVERSION = YES;
				CLANG_WARN_NON_LITERAL_NULL_CONVERSION = YES;
				CLANG_WARN_OBJC_IMPLICIT_RETAIN_SELF = YES;
				CLANG_WARN_OBJC_LITERAL_CONVERSION = YES;
				CLANG_WARN_OBJC_ROOT_CLASS = YES_ERROR;
				CLANG_WARN_QUOTED_INCLUDE_IN_FRAMEWORK_HEADER = YES;
				CLANG_WARN_RANGE_LOOP_ANALYSIS = YES;
				CLANG_WARN_STRICT_PROTOTYPES = YES;
				CLANG_WARN_SUSPICIOUS_MOVE = YES;
				CLANG_WARN_UNGUARDED_AVAILABILITY = YES_AGGRESSIVE;
				CLANG_WARN_UNREACHABLE_CODE = YES;
				CLANG_WARN__DUPLICATE_METHOD_MATCH = YES;
				COPY_PHASE_STRIP = NO;
				DEBUG_INFORMATION_FORMAT = dwarf;
				ENABLE_STRICT_OBJC_MSGSEND = YES;
				ENABLE_TESTABILITY = YES;
				ENABLE_USER_SCRIPT_SANDBOXING = YES;
				GCC_C_LANGUAGE_STANDARD = gnu17;
				GCC_DYNAMIC_NO_PIC = NO;
				GCC_NO_COMMON_BLOCKS = YES;
				GCC_OPTIMIZATION_LEVEL = 0;
				GCC_PREPROCESSOR_DEFINITIONS = (
					"DEBUG=1",
					"$(inherited)",
				);
				GCC_WARN_64_TO_32_BIT_CONVERSION = YES;
				GCC_WARN_ABOUT_RETURN_TYPE = YES_ERROR;
				GCC_WARN_UNDECLARED_SELECTOR = YES;
				GCC_WARN_UNINITIALIZED_AUTOS = YES_AGGRESSIVE;
				GCC_WARN_UNUSED_FUNCTION = YES;
				GCC_WARN_UNUSED_VARIABLE = YES;
				IPHONEOS_DEPLOYMENT_TARGET = 18.2;
				LOCALIZATION_PREFERS_STRING_CATALOGS = YES;
				MTL_ENABLE_DEBUG_INFO = INCLUDE_SOURCE;
				MTL_FAST_MATH = YES;
				ONLY_ACTIVE_ARCH = YES;
				SDKROOT = iphoneos;
				SWIFT_ACTIVE_COMPILATION_CONDITIONS = "DEBUG $(inherited)";
				SWIFT_OPTIMIZATION_LEVEL = "-Onone";
			};
			name = Debug;
		};
		8BED51332D50B0F100A775F8 /* Release */ = {
			isa = XCBuildConfiguration;
			buildSettings = {
				ALWAYS_SEARCH_USER_PATHS = NO;
				ASSETCATALOG_COMPILER_GENERATE_SWIFT_ASSET_SYMBOL_EXTENSIONS = YES;
				CLANG_ANALYZER_NONNULL = YES;
				CLANG_ANALYZER_NUMBER_OBJECT_CONVERSION = YES_AGGRESSIVE;
				CLANG_CXX_LANGUAGE_STANDARD = "gnu++20";
				CLANG_ENABLE_MODULES = YES;
				CLANG_ENABLE_OBJC_ARC = YES;
				CLANG_ENABLE_OBJC_WEAK = YES;
				CLANG_WARN_BLOCK_CAPTURE_AUTORELEASING = YES;
				CLANG_WARN_BOOL_CONVERSION = YES;
				CLANG_WARN_COMMA = YES;
				CLANG_WARN_CONSTANT_CONVERSION = YES;
				CLANG_WARN_DEPRECATED_OBJC_IMPLEMENTATIONS = YES;
				CLANG_WARN_DIRECT_OBJC_ISA_USAGE = YES_ERROR;
				CLANG_WARN_DOCUMENTATION_COMMENTS = YES;
				CLANG_WARN_EMPTY_BODY = YES;
				CLANG_WARN_ENUM_CONVERSION = YES;
				CLANG_WARN_INFINITE_RECURSION = YES;
				CLANG_WARN_INT_CONVERSION = YES;
				CLANG_WARN_NON_LITERAL_NULL_CONVERSION = YES;
				CLANG_WARN_OBJC_IMPLICIT_RETAIN_SELF = YES;
				CLANG_WARN_OBJC_LITERAL_CONVERSION = YES;
				CLANG_WARN_OBJC_ROOT_CLASS = YES_ERROR;
				CLANG_WARN_QUOTED_INCLUDE_IN_FRAMEWORK_HEADER = YES;
				CLANG_WARN_RANGE_LOOP_ANALYSIS = YES;
				CLANG_WARN_STRICT_PROTOTYPES = YES;
				CLANG_WARN_SUSPICIOUS_MOVE = YES;
				CLANG_WARN_UNGUARDED_AVAILABILITY = YES_AGGRESSIVE;
				CLANG_WARN_UNREACHABLE_CODE = YES;
				CLANG_WARN__DUPLICATE_METHOD_MATCH = YES;
				COPY_PHASE_STRIP = NO;
				DEBUG_INFORMATION_FORMAT = "dwarf-with-dsym";
				ENABLE_NS_ASSERTIONS = NO;
				ENABLE_STRICT_OBJC_MSGSEND = YES;
				ENABLE_USER_SCRIPT_SANDBOXING = YES;
				GCC_C_LANGUAGE_STANDARD = gnu17;
				GCC_NO_COMMON_BLOCKS = YES;
				GCC_WARN_64_TO_32_BIT_CONVERSION = YES;
				GCC_WARN_ABOUT_RETURN_TYPE = YES_ERROR;
				GCC_WARN_UNDECLARED_SELECTOR = YES;
				GCC_WARN_UNINITIALIZED_AUTOS = YES_AGGRESSIVE;
				GCC_WARN_UNUSED_FUNCTION = YES;
				GCC_WARN_UNUSED_VARIABLE = YES;
				IPHONEOS_DEPLOYMENT_TARGET = 18.2;
				LOCALIZATION_PREFERS_STRING_CATALOGS = YES;
				MTL_ENABLE_DEBUG_INFO = NO;
				MTL_FAST_MATH = YES;
				SDKROOT = iphoneos;
				SWIFT_COMPILATION_MODE = wholemodule;
				VALIDATE_PRODUCT = YES;
			};
			name = Release;
		};
		8BED51352D50B0F100A775F8 /* Debug */ = {
			isa = XCBuildConfiguration;
			buildSettings = {
				ASSETCATALOG_COMPILER_APPICON_NAME = AppIcon;
				ASSETCATALOG_COMPILER_GLOBAL_ACCENT_COLOR_NAME = AccentColor;
				CODE_SIGN_STYLE = Automatic;
				CURRENT_PROJECT_VERSION = 1;
				DEVELOPMENT_ASSET_PATHS = "\"scrumdinger/Preview Content\"";
				DEVELOPMENT_TEAM = NMNMAV47Y2;
				ENABLE_PREVIEWS = YES;
				GENERATE_INFOPLIST_FILE = YES;
				INFOPLIST_KEY_UIApplicationSceneManifest_Generation = YES;
				INFOPLIST_KEY_UIApplicationSupportsIndirectInputEvents = YES;
				INFOPLIST_KEY_UILaunchScreen_Generation = YES;
				INFOPLIST_KEY_UISupportedInterfaceOrientations_iPad = "UIInterfaceOrientationPortrait UIInterfaceOrientationPortraitUpsideDown UIInterfaceOrientationLandscapeLeft UIInterfaceOrientationLandscapeRight";
				INFOPLIST_KEY_UISupportedInterfaceOrientations_iPhone = "UIInterfaceOrientationPortrait UIInterfaceOrientationLandscapeLeft UIInterfaceOrientationLandscapeRight";
				LD_RUNPATH_SEARCH_PATHS = (
					"$(inherited)",
					"@executable_path/Frameworks",
				);
				MARKETING_VERSION = 1.0;
				PRODUCT_BUNDLE_IDENTIFIER = com.avwaveaf.scrumdinger;
				PRODUCT_NAME = "$(TARGET_NAME)";
				SWIFT_EMIT_LOC_STRINGS = YES;
				SWIFT_VERSION = 5.0;
				TARGETED_DEVICE_FAMILY = "1,2";
			};
			name = Debug;
		};
		8BED51362D50B0F100A775F8 /* Release */ = {
			isa = XCBuildConfiguration;
			buildSettings = {
				ASSETCATALOG_COMPILER_APPICON_NAME = AppIcon;
				ASSETCATALOG_COMPILER_GLOBAL_ACCENT_COLOR_NAME = AccentColor;
				CODE_SIGN_STYLE = Automatic;
				CURRENT_PROJECT_VERSION = 1;
				DEVELOPMENT_ASSET_PATHS = "\"scrumdinger/Preview Content\"";
				DEVELOPMENT_TEAM = NMNMAV47Y2;
				ENABLE_PREVIEWS = YES;
				GENERATE_INFOPLIST_FILE = YES;
				INFOPLIST_KEY_UIApplicationSceneManifest_Generation = YES;
				INFOPLIST_KEY_UIApplicationSupportsIndirectInputEvents = YES;
				INFOPLIST_KEY_UILaunchScreen_Generation = YES;
				INFOPLIST_KEY_UISupportedInterfaceOrientations_iPad = "UIInterfaceOrientationPortrait UIInterfaceOrientationPortraitUpsideDown UIInterfaceOrientationLandscapeLeft UIInterfaceOrientationLandscapeRight";
				INFOPLIST_KEY_UISupportedInterfaceOrientations_iPhone = "UIInterfaceOrientationPortrait UIInterfaceOrientationLandscapeLeft UIInterfaceOrientationLandscapeRight";
				LD_RUNPATH_SEARCH_PATHS = (
					"$(inherited)",
					"@executable_path/Frameworks",
				);
				MARKETING_VERSION = 1.0;
				PRODUCT_BUNDLE_IDENTIFIER = com.avwaveaf.scrumdinger;
				PRODUCT_NAME = "$(TARGET_NAME)";
				SWIFT_EMIT_LOC_STRINGS = YES;
				SWIFT_VERSION = 5.0;
				TARGETED_DEVICE_FAMILY = "1,2";
			};
			name = Release;
		};
		8BED51382D50B0F100A775F8 /* Debug */ = {
			isa = XCBuildConfiguration;
			buildSettings = {
				BUNDLE_LOADER = "$(TEST_HOST)";
				CODE_SIGN_STYLE = Automatic;
				CURRENT_PROJECT_VERSION = 1;
				DEVELOPMENT_TEAM = NMNMAV47Y2;
				GENERATE_INFOPLIST_FILE = YES;
				IPHONEOS_DEPLOYMENT_TARGET = 18.2;
				MARKETING_VERSION = 1.0;
				PRODUCT_BUNDLE_IDENTIFIER = com.avwaveaf.scrumdingerTests;
				PRODUCT_NAME = "$(TARGET_NAME)";
				SWIFT_EMIT_LOC_STRINGS = NO;
				SWIFT_VERSION = 5.0;
				TARGETED_DEVICE_FAMILY = "1,2";
				TEST_HOST = "$(BUILT_PRODUCTS_DIR)/scrumdinger.app/$(BUNDLE_EXECUTABLE_FOLDER_PATH)/scrumdinger";
			};
			name = Debug;
		};
		8BED51392D50B0F100A775F8 /* Release */ = {
			isa = XCBuildConfiguration;
			buildSettings = {
				BUNDLE_LOADER = "$(TEST_HOST)";
				CODE_SIGN_STYLE = Automatic;
				CURRENT_PROJECT_VERSION = 1;
				DEVELOPMENT_TEAM = NMNMAV47Y2;
				GENERATE_INFOPLIST_FILE = YES;
				IPHONEOS_DEPLOYMENT_TARGET = 18.2;
				MARKETING_VERSION = 1.0;
				PRODUCT_BUNDLE_IDENTIFIER = com.avwaveaf.scrumdingerTests;
				PRODUCT_NAME = "$(TARGET_NAME)";
				SWIFT_EMIT_LOC_STRINGS = NO;
				SWIFT_VERSION = 5.0;
				TARGETED_DEVICE_FAMILY = "1,2";
				TEST_HOST = "$(BUILT_PRODUCTS_DIR)/scrumdinger.app/$(BUNDLE_EXECUTABLE_FOLDER_PATH)/scrumdinger";
			};
			name = Release;
		};
		8BED513B2D50B0F100A775F8 /* Debug */ = {
			isa = XCBuildConfiguration;
			buildSettings = {
				CODE_SIGN_STYLE = Automatic;
				CURRENT_PROJECT_VERSION = 1;
				DEVELOPMENT_TEAM = NMNMAV47Y2;
				GENERATE_INFOPLIST_FILE = YES;
				MARKETING_VERSION = 1.0;
				PRODUCT_BUNDLE_IDENTIFIER = com.avwaveaf.scrumdingerUITests;
				PRODUCT_NAME = "$(TARGET_NAME)";
				SWIFT_EMIT_LOC_STRINGS = NO;
				SWIFT_VERSION = 5.0;
				TARGETED_DEVICE_FAMILY = "1,2";
				TEST_TARGET_NAME = scrumdinger;
			};
			name = Debug;
		};
		8BED513C2D50B0F100A775F8 /* Release */ = {
			isa = XCBuildConfiguration;
			buildSettings = {
				CODE_SIGN_STYLE = Automatic;
				CURRENT_PROJECT_VERSION = 1;
				DEVELOPMENT_TEAM = NMNMAV47Y2;
				GENERATE_INFOPLIST_FILE = YES;
				MARKETING_VERSION = 1.0;
				PRODUCT_BUNDLE_IDENTIFIER = com.avwaveaf.scrumdingerUITests;
				PRODUCT_NAME = "$(TARGET_NAME)";
				SWIFT_EMIT_LOC_STRINGS = NO;
				SWIFT_VERSION = 5.0;
				TARGETED_DEVICE_FAMILY = "1,2";
				TEST_TARGET_NAME = scrumdinger;
			};
			name = Release;
		};
/* End XCBuildConfiguration section */

/* Begin XCConfigurationList section */
		8BED510B2D50B0F000A775F8 /* Build configuration list for PBXProject "scrumdinger" */ = {
			isa = XCConfigurationList;
			buildConfigurations = (
				8BED51322D50B0F100A775F8 /* Debug */,
				8BED51332D50B0F100A775F8 /* Release */,
			);
			defaultConfigurationIsVisible = 0;
			defaultConfigurationName = Release;
		};
		8BED51342D50B0F100A775F8 /* Build configuration list for PBXNativeTarget "scrumdinger" */ = {
			isa = XCConfigurationList;
			buildConfigurations = (
				8BED51352D50B0F100A775F8 /* Debug */,
				8BED51362D50B0F100A775F8 /* Release */,
			);
			defaultConfigurationIsVisible = 0;
			defaultConfigurationName = Release;
		};
		8BED51372D50B0F100A775F8 /* Build configuration list for PBXNativeTarget "scrumdingerTests" */ = {
			isa = XCConfigurationList;
			buildConfigurations = (
				8BED51382D50B0F100A775F8 /* Debug */,
				8BED51392D50B0F100A775F8 /* Release */,
			);
			defaultConfigurationIsVisible = 0;
			defaultConfigurationName = Release;
		};
		8BED513A2D50B0F100A775F8 /* Build configuration list for PBXNativeTarget "scrumdingerUITests" */ = {
			isa = XCConfigurationList;
			buildConfigurations = (
				8BED513B2D50B0F100A775F8 /* Debug */,
				8BED513C2D50B0F100A775F8 /* Release */,
			);
			defaultConfigurationIsVisible = 0;
			defaultConfigurationName = Release;
		};
/* End XCConfigurationList section */
	};
	rootObject = 8BED51082D50B0F000A775F8 /* Project object */;
}
